
Microsoft Visual Studio Solution File, Format Version 12.00
# Visual Studio Version 17
VisualStudioVersion = 17.5.33516.290
MinimumVisualStudioVersion = 10.0.40219.1
Project("{FAE04EC0-301F-11D3-BF4B-00C04F79EFBC}") = "Hjemmeplejen", "Hjemmeplejen.csproj", "{D1E43C8E-2D79-455B-9D80-BDE0F7B56E89}"
EndProject
Global
	GlobalSection(SolutionConfigurationPlatforms) = preSolution
		Debug|Any CPU = Debug|Any CPU
		Release|Any CPU = Release|Any CPU
	EndGlobalSection
	GlobalSection(ProjectConfigurationPlatforms) = postSolution
		{D1E43C8E-2D79-455B-9D80-BDE0F7B56E89}.Debug|Any CPU.ActiveCfg = Debug|Any CPU
		{D1E43C8E-2D79-455B-9D80-BDE0F7B56E89}.Debug|Any CPU.Build.0 = Debug|Any CPU
		{D1E43C8E-2D79-455B-9D80-BDE0F7B56E89}.Release|Any CPU.ActiveCfg = Release|Any CPU
		{D1E43C8E-2D79-455B-9D80-BDE0F7B56E89}.Release|Any CPU.Build.0 = Release|Any CPU
	EndGlobalSection
	GlobalSection(SolutionProperties) = preSolution
		HideSolutionNode = FALSE
	EndGlobalSection
	GlobalSection(ExtensibilityGlobals) = postSolution
		SolutionGuid = {68EE6474-C81B-4DB0-A55A-D299F551DCFD}
	EndGlobalSection
EndGlobal
